Microsoft Visual Studio Solution File, Format Version 11.00
# Visual Studio 2008

Project("{37486739-2112-CDA3-D8D2-7C369DA56320}") = "CustomTiltBrush", "Assembly-CSharp.csproj", "{A7B9DFD8-7ACE-0396-CA54-783D9CC6E062}"
EndProject
Project("{37486739-2112-CDA3-D8D2-7C369DA56320}") = "CustomTiltBrush", "Assembly-CSharp-Editor.csproj", "{C424689D-39F4-7C35-7CF9-91451FDDA14C}"
EndProject
Global
	GlobalSection(SolutionConfigurationPlatforms) = preSolution
		Debug|Any CPU = Debug|Any CPU
		Release|Any CPU = Release|Any CPU
	EndGlobalSection
	GlobalSection(ProjectConfigurationPlatforms) = postSolution
		{A7B9DFD8-7ACE-0396-CA54-783D9CC6E062}.Debug|Any CPU.ActiveCfg = Debug|Any CPU
		{A7B9DFD8-7ACE-0396-CA54-783D9CC6E062}.Debug|Any CPU.Build.0 = Debug|Any CPU
		{A7B9DFD8-7ACE-0396-CA54-783D9CC6E062}.Release|Any CPU.ActiveCfg = Release|Any CPU
		{A7B9DFD8-7ACE-0396-CA54-783D9CC6E062}.Release|Any CPU.Build.0 = Release|Any CPU
		{C424689D-39F4-7C35-7CF9-91451FDDA14C}.Debug|Any CPU.ActiveCfg = Debug|Any CPU
		{C424689D-39F4-7C35-7CF9-91451FDDA14C}.Debug|Any CPU.Build.0 = Debug|Any CPU
		{C424689D-39F4-7C35-7CF9-91451FDDA14C}.Release|Any CPU.ActiveCfg = Release|Any CPU
		{C424689D-39F4-7C35-7CF9-91451FDDA14C}.Release|Any CPU.Build.0 = Release|Any CPU
	EndGlobalSection
	GlobalSection(SolutionProperties) = preSolution
		HideSolutionNode = FALSE
	EndGlobalSection
	GlobalSection(MonoDevelopProperties) = preSolution
		StartupItem = Assembly-CSharp.csproj
	EndGlobalSection
EndGlobal
